
Microsoft Visual Studio Solution File, Format Version 12.00
# Visual Studio 15
VisualStudioVersion = 15.0.26124.0
MinimumVisualStudioVersion = 15.0.26124.0
Project("{FAE04EC0-301F-11D3-BF4B-00C04F79EFBC}") = "CoreMusic.Api", "src\CoreMusic.Api\CoreMusic.Api.csproj", "{4349EAF2-32EF-4758-8BC4-6EFBF933F191}"
EndProject
Project("{FAE04EC0-301F-11D3-BF4B-00C04F79EFBC}") = "CoreMusic.Core", "src\CoreMusic.Core\CoreMusic.Core.csproj", "{9AC975C2-6C3D-46A3-BAEE-989229D721D9}"
EndProject
Project("{FAE04EC0-301F-11D3-BF4B-00C04F79EFBC}") = "CoreMusic.Data", "src\CoreMusic.Data\CoreMusic.Data.csproj", "{5E922CCF-7102-4187-93EE-1C5AF5DC5859}"
EndProject
Project("{FAE04EC0-301F-11D3-BF4B-00C04F79EFBC}") = "CoreMusic.Services", "src\CoreMusic.Services\CoreMusic.Services.csproj", "{9D767123-70F2-406A-B686-F3789C0672D7}"
EndProject
Global
	GlobalSection(SolutionConfigurationPlatforms) = preSolution
		Debug|Any CPU = Debug|Any CPU
		Debug|x64 = Debug|x64
		Debug|x86 = Debug|x86
		Release|Any CPU = Release|Any CPU
		Release|x64 = Release|x64
		Release|x86 = Release|x86
	EndGlobalSection
	GlobalSection(SolutionProperties) = preSolution
		HideSolutionNode = FALSE
	EndGlobalSection
	GlobalSection(ProjectConfigurationPlatforms) = postSolution
		{4349EAF2-32EF-4758-8BC4-6EFBF933F191}.Debug|Any CPU.ActiveCfg = Debug|Any CPU
		{4349EAF2-32EF-4758-8BC4-6EFBF933F191}.Debug|Any CPU.Build.0 = Debug|Any CPU
		{4349EAF2-32EF-4758-8BC4-6EFBF933F191}.Debug|x64.ActiveCfg = Debug|Any CPU
		{4349EAF2-32EF-4758-8BC4-6EFBF933F191}.Debug|x64.Build.0 = Debug|Any CPU
		{4349EAF2-32EF-4758-8BC4-6EFBF933F191}.Debug|x86.ActiveCfg = Debug|Any CPU
		{4349EAF2-32EF-4758-8BC4-6EFBF933F191}.Debug|x86.Build.0 = Debug|Any CPU
		{4349EAF2-32EF-4758-8BC4-6EFBF933F191}.Release|Any CPU.ActiveCfg = Release|Any CPU
		{4349EAF2-32EF-4758-8BC4-6EFBF933F191}.Release|Any CPU.Build.0 = Release|Any CPU
		{4349EAF2-32EF-4758-8BC4-6EFBF933F191}.Release|x64.ActiveCfg = Release|Any CPU
		{4349EAF2-32EF-4758-8BC4-6EFBF933F191}.Release|x64.Build.0 = Release|Any CPU
		{4349EAF2-32EF-4758-8BC4-6EFBF933F191}.Release|x86.ActiveCfg = Release|Any CPU
		{4349EAF2-32EF-4758-8BC4-6EFBF933F191}.Release|x86.Build.0 = Release|Any CPU
		{9AC975C2-6C3D-46A3-BAEE-989229D721D9}.Debug|Any CPU.ActiveCfg = Debug|Any CPU
		{9AC975C2-6C3D-46A3-BAEE-989229D721D9}.Debug|Any CPU.Build.0 = Debug|Any CPU
		{9AC975C2-6C3D-46A3-BAEE-989229D721D9}.Debug|x64.ActiveCfg = Debug|Any CPU
		{9AC975C2-6C3D-46A3-BAEE-989229D721D9}.Debug|x64.Build.0 = Debug|Any CPU
		{9AC975C2-6C3D-46A3-BAEE-989229D721D9}.Debug|x86.ActiveCfg = Debug|Any CPU
		{9AC975C2-6C3D-46A3-BAEE-989229D721D9}.Debug|x86.Build.0 = Debug|Any CPU
		{9AC975C2-6C3D-46A3-BAEE-989229D721D9}.Release|Any CPU.ActiveCfg = Release|Any CPU
		{9AC975C2-6C3D-46A3-BAEE-989229D721D9}.Release|Any CPU.Build.0 = Release|Any CPU
		{9AC975C2-6C3D-46A3-BAEE-989229D721D9}.Release|x64.ActiveCfg = Release|Any CPU
		{9AC975C2-6C3D-46A3-BAEE-989229D721D9}.Release|x64.Build.0 = Release|Any CPU
		{9AC975C2-6C3D-46A3-BAEE-989229D721D9}.Release|x86.ActiveCfg = Release|Any CPU
		{9AC975C2-6C3D-46A3-BAEE-989229D721D9}.Release|x86.Build.0 = Release|Any CPU
		{5E922CCF-7102-4187-93EE-1C5AF5DC5859}.Debug|Any CPU.ActiveCfg = Debug|Any CPU
		{5E922CCF-7102-4187-93EE-1C5AF5DC5859}.Debug|Any CPU.Build.0 = Debug|Any CPU
		{5E922CCF-7102-4187-93EE-1C5AF5DC5859}.Debug|x64.ActiveCfg = Debug|Any CPU
		{5E922CCF-7102-4187-93EE-1C5AF5DC5859}.Debug|x64.Build.0 = Debug|Any CPU
		{5E922CCF-7102-4187-93EE-1C5AF5DC5859}.Debug|x86.ActiveCfg = Debug|Any CPU
		{5E922CCF-7102-4187-93EE-1C5AF5DC5859}.Debug|x86.Build.0 = Debug|Any CPU
		{5E922CCF-7102-4187-93EE-1C5AF5DC5859}.Release|Any CPU.ActiveCfg = Release|Any CPU
		{5E922CCF-7102-4187-93EE-1C5AF5DC5859}.Release|Any CPU.Build.0 = Release|Any CPU
		{5E922CCF-7102-4187-93EE-1C5AF5DC5859}.Release|x64.ActiveCfg = Release|Any CPU
		{5E922CCF-7102-4187-93EE-1C5AF5DC5859}.Release|x64.Build.0 = Release|Any CPU
		{5E922CCF-7102-4187-93EE-1C5AF5DC5859}.Release|x86.ActiveCfg = Release|Any CPU
		{5E922CCF-7102-4187-93EE-1C5AF5DC5859}.Release|x86.Build.0 = Release|Any CPU
		{9D767123-70F2-406A-B686-F3789C0672D7}.Debug|Any CPU.ActiveCfg = Debug|Any CPU
		{9D767123-70F2-406A-B686-F3789C0672D7}.Debug|Any CPU.Build.0 = Debug|Any CPU
		{9D767123-70F2-406A-B686-F3789C0672D7}.Debug|x64.ActiveCfg = Debug|Any CPU
		{9D767123-70F2-406A-B686-F3789C0672D7}.Debug|x64.Build.0 = Debug|Any CPU
		{9D767123-70F2-406A-B686-F3789C0672D7}.Debug|x86.ActiveCfg = Debug|Any CPU
		{9D767123-70F2-406A-B686-F3789C0672D7}.Debug|x86.Build.0 = Debug|Any CPU
		{9D767123-70F2-406A-B686-F3789C0672D7}.Release|Any CPU.ActiveCfg = Release|Any CPU
		{9D767123-70F2-406A-B686-F3789C0672D7}.Release|Any CPU.Build.0 = Release|Any CPU
		{9D767123-70F2-406A-B686-F3789C0672D7}.Release|x64.ActiveCfg = Release|Any CPU
		{9D767123-70F2-406A-B686-F3789C0672D7}.Release|x64.Build.0 = Release|Any CPU
		{9D767123-70F2-406A-B686-F3789C0672D7}.Release|x86.ActiveCfg = Release|Any CPU
		{9D767123-70F2-406A-B686-F3789C0672D7}.Release|x86.Build.0 = Release|Any CPU
	EndGlobalSection
EndGlobal
